
Microsoft Visual Studio Solution File, Format Version 12.00
# Visual Studio Version 17
VisualStudioVersion = 17.1.32210.238
MinimumVisualStudioVersion = 10.0.40219.1
Project("{FAE04EC0-301F-11D3-BF4B-00C04F79EFBC}") = "KindergartenManagementLi.UI", "KindergartenManagementLi.UI.csproj", "{B8345323-15D3-4E31-9C2A-9B4B773A79F1}"
EndProject
Project("{FAE04EC0-301F-11D3-BF4B-00C04F79EFBC}") = "KindergartenManagementLi.DAL", "..\KindergartenManagementLi.DAL\KindergartenManagementLi.DAL.csproj", "{CD0935EE-C974-4691-8AE4-A5829F616FF7}"
EndProject
Global
	GlobalSection(SolutionConfigurationPlatforms) = preSolution
		Debug|Any CPU = Debug|Any CPU
		Release|Any CPU = Release|Any CPU
	EndGlobalSection
	GlobalSection(ProjectConfigurationPlatforms) = postSolution
		{B8345323-15D3-4E31-9C2A-9B4B773A79F1}.Debug|Any CPU.ActiveCfg = Debug|Any CPU
		{B8345323-15D3-4E31-9C2A-9B4B773A79F1}.Debug|Any CPU.Build.0 = Debug|Any CPU
		{B8345323-15D3-4E31-9C2A-9B4B773A79F1}.Release|Any CPU.ActiveCfg = Release|Any CPU
		{B8345323-15D3-4E31-9C2A-9B4B773A79F1}.Release|Any CPU.Build.0 = Release|Any CPU
		{CD0935EE-C974-4691-8AE4-A5829F616FF7}.Debug|Any CPU.ActiveCfg = Debug|Any CPU
		{CD0935EE-C974-4691-8AE4-A5829F616FF7}.Debug|Any CPU.Build.0 = Debug|Any CPU
		{CD0935EE-C974-4691-8AE4-A5829F616FF7}.Release|Any CPU.ActiveCfg = Release|Any CPU
		{CD0935EE-C974-4691-8AE4-A5829F616FF7}.Release|Any CPU.Build.0 = Release|Any CPU
	EndGlobalSection
	GlobalSection(SolutionProperties) = preSolution
		HideSolutionNode = FALSE
	EndGlobalSection
	GlobalSection(ExtensibilityGlobals) = postSolution
		SolutionGuid = {B23723FE-977D-4CA0-9DDD-F148B8817BAB}
	EndGlobalSection
EndGlobal
